version: 1.0
shards:
  kemal:
    github: sdogruyol/kemal
    commit: 0c46bd65da9092c4e2d1776c13730eb63fbb6bc9

  kilt:
    github: jeromegn/kilt
    version: 0.3.3

  pg:
    github: will/crystal-pg
    commit: cafe3e90b4a239aa9819482543c63503a6a3f477

  pool:
    github: ysbaddaden/pool
    commit: c4ecfad1b87fbd8c6484d1fd536ccfd14c40cc94

  radix:
    github: luislavena/radix
    version: 0.3.0

